
Microsoft Visual Studio Solution File, Format Version 12.00
# Visual Studio Version 17
VisualStudioVersion = 17.1.32414.318
MinimumVisualStudioVersion = 10.0.40219.1
Project("{FAE04EC0-301F-11D3-BF4B-00C04F79EFBC}") = "lab13", "lab13.csproj", "{3FD0CFB4-7B5D-4985-8A99-ACEB010E76CC}"
EndProject
Global
	GlobalSection(SolutionConfigurationPlatforms) = preSolution
		Debug|Any CPU = Debug|Any CPU
		Release|Any CPU = Release|Any CPU
	EndGlobalSection
	GlobalSection(ProjectConfigurationPlatforms) = postSolution
		{3FD0CFB4-7B5D-4985-8A99-ACEB010E76CC}.Debug|Any CPU.ActiveCfg = Debug|Any CPU
		{3FD0CFB4-7B5D-4985-8A99-ACEB010E76CC}.Debug|Any CPU.Build.0 = Debug|Any CPU
		{3FD0CFB4-7B5D-4985-8A99-ACEB010E76CC}.Release|Any CPU.ActiveCfg = Release|Any CPU
		{3FD0CFB4-7B5D-4985-8A99-ACEB010E76CC}.Release|Any CPU.Build.0 = Release|Any CPU
	EndGlobalSection
	GlobalSection(SolutionProperties) = preSolution
		HideSolutionNode = FALSE
	EndGlobalSection
	GlobalSection(ExtensibilityGlobals) = postSolution
		SolutionGuid = {1AA69E65-A08A-41FC-B811-246AF42EF15B}
	EndGlobalSection
EndGlobal
